// !$*UTF8*$!
{
	archiveVersion = 1;
	classes = {
	};
	objectVersion = 56;
	objects = {

/* Begin PBXBuildFile section */
		3A100FBB2BBB62070057D3AD /* AppDelegate.swift in Sources */ = {isa = PBXBuildFile; fileRef = 3A100FBA2BBB62070057D3AD /* AppDelegate.swift */; };
		3A100FBD2BBB62070057D3AD /* SceneDelegate.swift in Sources */ = {isa = PBXBuildFile; fileRef = 3A100FBC2BBB62070057D3AD /* SceneDelegate.swift */; };
		3A100FBF2BBB62070057D3AD /* PhotosViewController.swift in Sources */ = {isa = PBXBuildFile; fileRef = 3A100FBE2BBB62070057D3AD /* PhotosViewController.swift */; };
		3A100FC22BBB62070057D3AD /* Main.storyboard in Resources */ = {isa = PBXBuildFile; fileRef = 3A100FC02BBB62070057D3AD /* Main.storyboard */; };
		3A100FC42BBB62080057D3AD /* Assets.xcassets in Resources */ = {isa = PBXBuildFile; fileRef = 3A100FC32BBB62080057D3AD /* Assets.xcassets */; };
		3A100FC72BBB62080057D3AD /* LaunchScreen.storyboard in Resources */ = {isa = PBXBuildFile; fileRef = 3A100FC52BBB62080057D3AD /* LaunchScreen.storyboard */; };
		3A100FD22BBB62080057D3AD /* PhotoramaTests.swift in Sources */ = {isa = PBXBuildFile; fileRef = 3A100FD12BBB62080057D3AD /* PhotoramaTests.swift */; };
		3A100FDC2BBB62080057D3AD /* PhotoramaUITests.swift in Sources */ = {isa = PBXBuildFile; fileRef = 3A100FDB2BBB62080057D3AD /* PhotoramaUITests.swift */; };
		3A100FDE2BBB62080057D3AD /* PhotoramaUITestsLaunchTests.swift in Sources */ = {isa = PBXBuildFile; fileRef = 3A100FDD2BBB62080057D3AD /* PhotoramaUITestsLaunchTests.swift */; };
		3A100FEB2BBB676F0057D3AD /* FlickrAPI.swift in Sources */ = {isa = PBXBuildFile; fileRef = 3A100FEA2BBB676F0057D3AD /* FlickrAPI.swift */; };
		3A100FED2BBB7F2D0057D3AD /* PhotoStore.swift in Sources */ = {isa = PBXBuildFile; fileRef = 3A100FEC2BBB7F2D0057D3AD /* PhotoStore.swift */; };
/* End PBXBuildFile section */

/* Begin PBXContainerItemProxy section */
		3A100FCE2BBB62080057D3AD /* PBXContainerItemProxy */ = {
			isa = PBXContainerItemProxy;
			containerPortal = 3A100FAF2BBB62070057D3AD /* Project object */;
			proxyType = 1;
			remoteGlobalIDString = 3A100FB62BBB62070057D3AD;
			remoteInfo = Photorama;
		};
		3A100FD82BBB62080057D3AD /* PBXContainerItemProxy */ = {
			isa = PBXContainerItemProxy;
			containerPortal = 3A100FAF2BBB62070057D3AD /* Project object */;
			proxyType = 1;
			remoteGlobalIDString = 3A100FB62BBB62070057D3AD;
			remoteInfo = Photorama;
		};
/* End PBXContainerItemProxy section */

/* Begin PBXFileReference section */
		3A100FB72BBB62070057D3AD /* Photorama.app */ = {isa = PBXFileReference; explicitFileType = wrapper.application; includeInIndex = 0; path = Photorama.app; sourceTree = BUILT_PRODUCTS_DIR; };
		3A100FBA2BBB62070057D3AD /* AppDelegate.swift */ = {isa = PBXFileReference; lastKnownFileType = sourcecode.swift; path = AppDelegate.swift; sourceTree = "<group>"; };
		3A100FBC2BBB62070057D3AD /* SceneDelegate.swift */ = {isa = PBXFileReference; lastKnownFileType = sourcecode.swift; path = SceneDelegate.swift; sourceTree = "<group>"; };
		3A100FBE2BBB62070057D3AD /* PhotosViewController.swift */ = {isa = PBXFileReference; lastKnownFileType = sourcecode.swift; path = PhotosViewController.swift; sourceTree = "<group>"; };
		3A100FC12BBB62070057D3AD /* Base */ = {isa = PBXFileReference; lastKnownFileType = file.storyboard; name = Base; path = Base.lproj/Main.storyboard; sourceTree = "<group>"; };
		3A100FC32BBB62080057D3AD /* Assets.xcassets */ = {isa = PBXFileReference; lastKnownFileType = folder.assetcatalog; path = Assets.xcassets; sourceTree = "<group>"; };
		3A100FC62BBB62080057D3AD /* Base */ = {isa = PBXFileReference; lastKnownFileType = file.storyboard; name = Base; path = Base.lproj/LaunchScreen.storyboard; sourceTree = "<group>"; };
		3A100FC82BBB62080057D3AD /* Info.plist */ = {isa = PBXFileReference; lastKnownFileType = text.plist.xml; path = Info.plist; sourceTree = "<group>"; };
		3A100FCD2BBB62080057D3AD /* PhotoramaTests.xctest */ = {isa = PBXFileReference; explicitFileType = wrapper.cfbundle; includeInIndex = 0; path = PhotoramaTests.xctest; sourceTree = BUILT_PRODUCTS_DIR; };
		3A100FD12BBB62080057D3AD /* PhotoramaTests.swift */ = {isa = PBXFileReference; lastKnownFileType = sourcecode.swift; path = PhotoramaTests.swift; sourceTree = "<group>"; };
		3A100FD72BBB62080057D3AD /* PhotoramaUITests.xctest */ = {isa = PBXFileReference; explicitFileType = wrapper.cfbundle; includeInIndex = 0; path = PhotoramaUITests.xctest; sourceTree = BUILT_PRODUCTS_DIR; };
		3A100FDB2BBB62080057D3AD /* PhotoramaUITests.swift */ = {isa = PBXFileReference; lastKnownFileType = sourcecode.swift; path = PhotoramaUITests.swift; sourceTree = "<group>"; };
		3A100FDD2BBB62080057D3AD /* PhotoramaUITestsLaunchTests.swift */ = {isa = PBXFileReference; lastKnownFileType = sourcecode.swift; path = PhotoramaUITestsLaunchTests.swift; sourceTree = "<group>"; };
		3A100FEA2BBB676F0057D3AD /* FlickrAPI.swift */ = {isa = PBXFileReference; lastKnownFileType = sourcecode.swift; path = FlickrAPI.swift; sourceTree = "<group>"; };
		3A100FEC2BBB7F2D0057D3AD /* PhotoStore.swift */ = {isa = PBXFileReference; lastKnownFileType = sourcecode.swift; path = PhotoStore.swift; sourceTree = "<group>"; };
/* End PBXFileReference section */

/* Begin PBXFrameworksBuildPhase section */
		3A100FB42BBB62070057D3AD /* Frameworks */ = {
			isa = PBXFrameworksBuildPhase;
			buildActionMask = 2147483647;
			files = (
			);
			runOnlyForDeploymentPostprocessing = 0;
		};
		3A100FCA2BBB62080057D3AD /* Frameworks */ = {
			isa = PBXFrameworksBuildPhase;
			buildActionMask = 2147483647;
			files = (
			);
			runOnlyForDeploymentPostprocessing = 0;
		};
		3A100FD42BBB62080057D3AD /* Frameworks */ = {
			isa = PBXFrameworksBuildPhase;
			buildActionMask = 2147483647;
			files = (
			);
			runOnlyForDeploymentPostprocessing = 0;
		};
/* End PBXFrameworksBuildPhase section */

/* Begin PBXGroup section */
		3A100FAE2BBB62070057D3AD = {
			isa = PBXGroup;
			children = (
				3A100FB92BBB62070057D3AD /* Photorama */,
				3A100FD02BBB62080057D3AD /* PhotoramaTests */,
				3A100FDA2BBB62080057D3AD /* PhotoramaUITests */,
				3A100FB82BBB62070057D3AD /* Products */,
			);
			sourceTree = "<group>";
		};
		3A100FB82BBB62070057D3AD /* Products */ = {
			isa = PBXGroup;
			children = (
				3A100FB72BBB62070057D3AD /* Photorama.app */,
				3A100FCD2BBB62080057D3AD /* PhotoramaTests.xctest */,
				3A100FD72BBB62080057D3AD /* PhotoramaUITests.xctest */,
			);
			name = Products;
			sourceTree = "<group>";
		};
		3A100FB92BBB62070057D3AD /* Photorama */ = {
			isa = PBXGroup;
			children = (
				3A100FBA2BBB62070057D3AD /* AppDelegate.swift */,
				3A100FBC2BBB62070057D3AD /* SceneDelegate.swift */,
				3A100FBE2BBB62070057D3AD /* PhotosViewController.swift */,
				3A100FEA2BBB676F0057D3AD /* FlickrAPI.swift */,
				3A100FEC2BBB7F2D0057D3AD /* PhotoStore.swift */,
				3A100FC02BBB62070057D3AD /* Main.storyboard */,
				3A100FC32BBB62080057D3AD /* Assets.xcassets */,
				3A100FC52BBB62080057D3AD /* LaunchScreen.storyboard */,
				3A100FC82BBB62080057D3AD /* Info.plist */,
			);
			path = Photorama;
			sourceTree = "<group>";
		};
		3A100FD02BBB62080057D3AD /* PhotoramaTests */ = {
			isa = PBXGroup;
			children = (
				3A100FD12BBB62080057D3AD /* PhotoramaTests.swift */,
			);
			path = PhotoramaTests;
			sourceTree = "<group>";
		};
		3A100FDA2BBB62080057D3AD /* PhotoramaUITests */ = {
			isa = PBXGroup;
			children = (
				3A100FDB2BBB62080057D3AD /* PhotoramaUITests.swift */,
				3A100FDD2BBB62080057D3AD /* PhotoramaUITestsLaunchTests.swift */,
			);
			path = PhotoramaUITests;
			sourceTree = "<group>";
		};
/* End PBXGroup section */

/* Begin PBXNativeTarget section */
		3A100FB62BBB62070057D3AD /* Photorama */ = {
			isa = PBXNativeTarget;
			buildConfigurationList = 3A100FE12BBB62080057D3AD /* Build configuration list for PBXNativeTarget "Photorama" */;
			buildPhases = (
				3A100FB32BBB62070057D3AD /* Sources */,
				3A100FB42BBB62070057D3AD /* Frameworks */,
				3A100FB52BBB62070057D3AD /* Resources */,
			);
			buildRules = (
			);
			dependencies = (
			);
			name = Photorama;
			productName = Photorama;
			productReference = 3A100FB72BBB62070057D3AD /* Photorama.app */;
			productType = "com.apple.product-type.application";
		};
		3A100FCC2BBB62080057D3AD /* PhotoramaTests */ = {
			isa = PBXNativeTarget;
			buildConfigurationList = 3A100FE42BBB62080057D3AD /* Build configuration list for PBXNativeTarget "PhotoramaTests" */;
			buildPhases = (
				3A100FC92BBB62080057D3AD /* Sources */,
				3A100FCA2BBB62080057D3AD /* Frameworks */,
				3A100FCB2BBB62080057D3AD /* Resources */,
			);
			buildRules = (
			);
			dependencies = (
				3A100FCF2BBB62080057D3AD /* PBXTargetDependency */,
			);
			name = PhotoramaTests;
			productName = PhotoramaTests;
			productReference = 3A100FCD2BBB62080057D3AD /* PhotoramaTests.xctest */;
			productType = "com.apple.product-type.bundle.unit-test";
		};
		3A100FD62BBB62080057D3AD /* PhotoramaUITests */ = {
			isa = PBXNativeTarget;
			buildConfigurationList = 3A100FE72BBB62080057D3AD /* Build configuration list for PBXNativeTarget "PhotoramaUITests" */;
			buildPhases = (
				3A100FD32BBB62080057D3AD /* Sources */,
				3A100FD42BBB62080057D3AD /* Frameworks */,
				3A100FD52BBB62080057D3AD /* Resources */,
			);
			buildRules = (
			);
			dependencies = (
				3A100FD92BBB62080057D3AD /* PBXTargetDependency */,
			);
			name = PhotoramaUITests;
			productName = PhotoramaUITests;
			productReference = 3A100FD72BBB62080057D3AD /* PhotoramaUITests.xctest */;
			productType = "com.apple.product-type.bundle.ui-testing";
		};
/* End PBXNativeTarget section */

/* Begin PBXProject section */
		3A100FAF2BBB62070057D3AD /* Project object */ = {
			isa = PBXProject;
			attributes = {
				BuildIndependentTargetsInParallel = 1;
				LastSwiftUpdateCheck = 1520;
				LastUpgradeCheck = 1520;
				TargetAttributes = {
					3A100FB62BBB62070057D3AD = {
						CreatedOnToolsVersion = 15.2;
					};
					3A100FCC2BBB62080057D3AD = {
						CreatedOnToolsVersion = 15.2;
						TestTargetID = 3A100FB62BBB62070057D3AD;
					};
					3A100FD62BBB62080057D3AD = {
						CreatedOnToolsVersion = 15.2;
						TestTargetID = 3A100FB62BBB62070057D3AD;
					};
				};
			};
			buildConfigurationList = 3A100FB22BBB62070057D3AD /* Build configuration list for PBXProject "Photorama" */;
			compatibilityVersion = "Xcode 14.0";
			developmentRegion = en;
			hasScannedForEncodings = 0;
			knownRegions = (
				en,
				Base,
			);
			mainGroup = 3A100FAE2BBB62070057D3AD;
			productRefGroup = 3A100FB82BBB62070057D3AD /* Products */;
			projectDirPath = "";
			projectRoot = "";
			targets = (
				3A100FB62BBB62070057D3AD /* Photorama */,
				3A100FCC2BBB62080057D3AD /* PhotoramaTests */,
				3A100FD62BBB62080057D3AD /* PhotoramaUITests */,
			);
		};
/* End PBXProject section */

/* Begin PBXResourcesBuildPhase section */
		3A100FB52BBB62070057D3AD /* Resources */ = {
			isa = PBXResourcesBuildPhase;
			buildActionMask = 2147483647;
			files = (
				3A100FC72BBB62080057D3AD /* LaunchScreen.storyboard in Resources */,
				3A100FC42BBB62080057D3AD /* Assets.xcassets in Resources */,
				3A100FC22BBB62070057D3AD /* Main.storyboard in Resources */,
			);
			runOnlyForDeploymentPostprocessing = 0;
		};
		3A100FCB2BBB62080057D3AD /* Resources */ = {
			isa = PBXResourcesBuildPhase;
			buildActionMask = 2147483647;
			files = (
			);
			runOnlyForDeploymentPostprocessing = 0;
		};
		3A100FD52BBB62080057D3AD /* Resources */ = {
			isa = PBXResourcesBuildPhase;
			buildActionMask = 2147483647;
			files = (
			);
			runOnlyForDeploymentPostprocessing = 0;
		};
/* End PBXResourcesBuildPhase section */

/* Begin PBXSourcesBuildPhase section */
		3A100FB32BBB62070057D3AD /* Sources */ = {
			isa = PBXSourcesBuildPhase;
			buildActionMask = 2147483647;
			files = (
				3A100FED2BBB7F2D0057D3AD /* PhotoStore.swift in Sources */,
				3A100FBF2BBB62070057D3AD /* PhotosViewController.swift in Sources */,
				3A100FBB2BBB62070057D3AD /* AppDelegate.swift in Sources */,
				3A100FBD2BBB62070057D3AD /* SceneDelegate.swift in Sources */,
				3A100FEB2BBB676F0057D3AD /* FlickrAPI.swift in Sources */,
			);
			runOnlyForDeploymentPostprocessing = 0;
		};
		3A100FC92BBB62080057D3AD /* Sources */ = {
			isa = PBXSourcesBuildPhase;
			buildActionMask = 2147483647;
			files = (
				3A100FD22BBB62080057D3AD /* PhotoramaTests.swift in Sources */,
			);
			runOnlyForDeploymentPostprocessing = 0;
		};
		3A100FD32BBB62080057D3AD /* Sources */ = {
			isa = PBXSourcesBuildPhase;
			buildActionMask = 2147483647;
			files = (
				3A100FDE2BBB62080057D3AD /* PhotoramaUITestsLaunchTests.swift in Sources */,
				3A100FDC2BBB62080057D3AD /* PhotoramaUITests.swift in Sources */,
			);
			runOnlyForDeploymentPostprocessing = 0;
		};
/* End PBXSourcesBuildPhase section */

/* Begin PBXTargetDependency section */
		3A100FCF2BBB62080057D3AD /* PBXTargetDependency */ = {
			isa = PBXTargetDependency;
			target = 3A100FB62BBB62070057D3AD /* Photorama */;
			targetProxy = 3A100FCE2BBB62080057D3AD /* PBXContainerItemProxy */;
		};
		3A100FD92BBB62080057D3AD /* PBXTargetDependency */ = {
			isa = PBXTargetDependency;
			target = 3A100FB62BBB62070057D3AD /* Photorama */;
			targetProxy = 3A100FD82BBB62080057D3AD /* PBXContainerItemProxy */;
		};
/* End PBXTargetDependency section */

/* Begin PBXVariantGroup section */
		3A100FC02BBB62070057D3AD /* Main.storyboard */ = {
			isa = PBXVariantGroup;
			children = (
				3A100FC12BBB62070057D3AD /* Base */,
			);
			name = Main.storyboard;
			sourceTree = "<group>";
		};
		3A100FC52BBB62080057D3AD /* LaunchScreen.storyboard */ = {
			isa = PBXVariantGroup;
			children = (
				3A100FC62BBB62080057D3AD /* Base */,
			);
			name = LaunchScreen.storyboard;
			sourceTree = "<group>";
		};
/* End PBXVariantGroup section */

/* Begin XCBuildConfiguration section */
		3A100FDF2BBB62080057D3AD /* Debug */ = {
			isa = XCBuildConfiguration;
			buildSettings = {
				ALWAYS_SEARCH_USER_PATHS = NO;
				ASSETCATALOG_COMPILER_GENERATE_SWIFT_ASSET_SYMBOL_EXTENSIONS = YES;
				CLANG_ANALYZER_NONNULL = YES;
				CLANG_ANALYZER_NUMBER_OBJECT_CONVERSION = YES_AGGRESSIVE;
				CLANG_CXX_LANGUAGE_STANDARD = "gnu++20";
				CLANG_ENABLE_MODULES = YES;
				CLANG_ENABLE_OBJC_ARC = YES;
				CLANG_ENABLE_OBJC_WEAK = YES;
				CLANG_WARN_BLOCK_CAPTURE_AUTORELEASING = YES;
				CLANG_WARN_BOOL_CONVERSION = YES;
				CLANG_WARN_COMMA = YES;
				CLANG_WARN_CONSTANT_CONVERSION = YES;
				CLANG_WARN_DEPRECATED_OBJC_IMPLEMENTATIONS = YES;
				CLANG_WARN_DIRECT_OBJC_ISA_USAGE = YES_ERROR;
				CLANG_WARN_DOCUMENTATION_COMMENTS = YES;
				CLANG_WARN_EMPTY_BODY = YES;
				CLANG_WARN_ENUM_CONVERSION = YES;
				CLANG_WARN_INFINITE_RECURSION = YES;
				CLANG_WARN_INT_CONVERSION = YES;
				CLANG_WARN_NON_LITERAL_NULL_CONVERSION = YES;
				CLANG_WARN_OBJC_IMPLICIT_RETAIN_SELF = YES;
				CLANG_WARN_OBJC_LITERAL_CONVERSION = YES;
				CLANG_WARN_OBJC_ROOT_CLASS = YES_ERROR;
				CLANG_WARN_QUOTED_INCLUDE_IN_FRAMEWORK_HEADER = YES;
				CLANG_WARN_RANGE_LOOP_ANALYSIS = YES;
				CLANG_WARN_STRICT_PROTOTYPES = YES;
				CLANG_WARN_SUSPICIOUS_MOVE = YES;
				CLANG_WARN_UNGUARDED_AVAILABILITY = YES_AGGRESSIVE;
				CLANG_WARN_UNREACHABLE_CODE = YES;
				CLANG_WARN__DUPLICATE_METHOD_MATCH = YES;
				COPY_PHASE_STRIP = NO;
				DEBUG_INFORMATION_FORMAT = dwarf;
				ENABLE_STRICT_OBJC_MSGSEND = YES;
				ENABLE_TESTABILITY = YES;
				ENABLE_USER_SCRIPT_SANDBOXING = YES;
				GCC_C_LANGUAGE_STANDARD = gnu17;
				GCC_DYNAMIC_NO_PIC = NO;
				GCC_NO_COMMON_BLOCKS = YES;
				GCC_OPTIMIZATION_LEVEL = 0;
				GCC_PREPROCESSOR_DEFINITIONS = (
					"DEBUG=1",
					"$(inherited)",
				);
				GCC_WARN_64_TO_32_BIT_CONVERSION = YES;
				GCC_WARN_ABOUT_RETURN_TYPE = YES_ERROR;
				GCC_WARN_UNDECLARED_SELECTOR = YES;
				GCC_WARN_UNINITIALIZED_AUTOS = YES_AGGRESSIVE;
				GCC_WARN_UNUSED_FUNCTION = YES;
				GCC_WARN_UNUSED_VARIABLE = YES;
				IPHONEOS_DEPLOYMENT_TARGET = 17.2;
				LOCALIZATION_PREFERS_STRING_CATALOGS = YES;
				MTL_ENABLE_DEBUG_INFO = INCLUDE_SOURCE;
				MTL_FAST_MATH = YES;
				ONLY_ACTIVE_ARCH = YES;
				SDKROOT = iphoneos;
				SWIFT_ACTIVE_COMPILATION_CONDITIONS = "DEBUG $(inherited)";
				SWIFT_OPTIMIZATION_LEVEL = "-Onone";
			};
			name = Debug;
		};
		3A100FE02BBB62080057D3AD /* Release */ = {
			isa = XCBuildConfiguration;
			buildSettings = {
				ALWAYS_SEARCH_USER_PATHS = NO;
				ASSETCATALOG_COMPILER_GENERATE_SWIFT_ASSET_SYMBOL_EXTENSIONS = YES;
				CLANG_ANALYZER_NONNULL = YES;
				CLANG_ANALYZER_NUMBER_OBJECT_CONVERSION = YES_AGGRESSIVE;
				CLANG_CXX_LANGUAGE_STANDARD = "gnu++20";
				CLANG_ENABLE_MODULES = YES;
				CLANG_ENABLE_OBJC_ARC = YES;
				CLANG_ENABLE_OBJC_WEAK = YES;
				CLANG_WARN_BLOCK_CAPTURE_AUTORELEASING = YES;
				CLANG_WARN_BOOL_CONVERSION = YES;
				CLANG_WARN_COMMA = YES;
				CLANG_WARN_CONSTANT_CONVERSION = YES;
				CLANG_WARN_DEPRECATED_OBJC_IMPLEMENTATIONS = YES;
				CLANG_WARN_DIRECT_OBJC_ISA_USAGE = YES_ERROR;
				CLANG_WARN_DOCUMENTATION_COMMENTS = YES;
				CLANG_WARN_EMPTY_BODY = YES;
				CLANG_WARN_ENUM_CONVERSION = YES;
				CLANG_WARN_INFINITE_RECURSION = YES;
				CLANG_WARN_INT_CONVERSION = YES;
				CLANG_WARN_NON_LITERAL_NULL_CONVERSION = YES;
				CLANG_WARN_OBJC_IMPLICIT_RETAIN_SELF = YES;
				CLANG_WARN_OBJC_LITERAL_CONVERSION = YES;
				CLANG_WARN_OBJC_ROOT_CLASS = YES_ERROR;
				CLANG_WARN_QUOTED_INCLUDE_IN_FRAMEWORK_HEADER = YES;
				CLANG_WARN_RANGE_LOOP_ANALYSIS = YES;
				CLANG_WARN_STRICT_PROTOTYPES = YES;
				CLANG_WARN_SUSPICIOUS_MOVE = YES;
				CLANG_WARN_UNGUARDED_AVAILABILITY = YES_AGGRESSIVE;
				CLANG_WARN_UNREACHABLE_CODE = YES;
				CLANG_WARN__DUPLICATE_METHOD_MATCH = YES;
				COPY_PHASE_STRIP = NO;
				DEBUG_INFORMATION_FORMAT = "dwarf-with-dsym";
				ENABLE_NS_ASSERTIONS = NO;
				ENABLE_STRICT_OBJC_MSGSEND = YES;
				ENABLE_USER_SCRIPT_SANDBOXING = YES;
				GCC_C_LANGUAGE_STANDARD = gnu17;
				GCC_NO_COMMON_BLOCKS = YES;
				GCC_WARN_64_TO_32_BIT_CONVERSION = YES;
				GCC_WARN_ABOUT_RETURN_TYPE = YES_ERROR;
				GCC_WARN_UNDECLARED_SELECTOR = YES;
				GCC_WARN_UNINITIALIZED_AUTOS = YES_AGGRESSIVE;
				GCC_WARN_UNUSED_FUNCTION = YES;
				GCC_WARN_UNUSED_VARIABLE = YES;
				IPHONEOS_DEPLOYMENT_TARGET = 17.2;
				LOCALIZATION_PREFERS_STRING_CATALOGS = YES;
				MTL_ENABLE_DEBUG_INFO = NO;
				MTL_FAST_MATH = YES;
				SDKROOT = iphoneos;
				SWIFT_COMPILATION_MODE = wholemodule;
				VALIDATE_PRODUCT = YES;
			};
			name = Release;
		};
		3A100FE22BBB62080057D3AD /* Debug */ = {
			isa = XCBuildConfiguration;
			buildSettings = {
				ASSETCATALOG_COMPILER_APPICON_NAME = AppIcon;
				ASSETCATALOG_COMPILER_GLOBAL_ACCENT_COLOR_NAME = AccentColor;
				CODE_SIGN_STYLE = Automatic;
				CURRENT_PROJECT_VERSION = 1;
				DEVELOPMENT_TEAM = 7XYF2Z5FKX;
				GENERATE_INFOPLIST_FILE = YES;
				INFOPLIST_FILE = Photorama/Info.plist;
				INFOPLIST_KEY_UIApplicationSupportsIndirectInputEvents = YES;
				INFOPLIST_KEY_UILaunchStoryboardName = LaunchScreen;
				INFOPLIST_KEY_UIMainStoryboardFile = Main;
				INFOPLIST_KEY_UISupportedInterfaceOrientations_iPad = "UIInterfaceOrientationPortrait UIInterfaceOrientationPortraitUpsideDown UIInterfaceOrientationLandscapeLeft UIInterfaceOrientationLandscapeRight";
				INFOPLIST_KEY_UISupportedInterfaceOrientations_iPhone = "UIInterfaceOrientationPortrait UIInterfaceOrientationLandscapeLeft UIInterfaceOrientationLandscapeRight";
				LD_RUNPATH_SEARCH_PATHS = (
					"$(inherited)",
					"@executable_path/Frameworks",
				);
				MARKETING_VERSION = 1.0;
				PRODUCT_BUNDLE_IDENTIFIER = "Hamit-Sehjal.Photorama";
				PRODUCT_NAME = "$(TARGET_NAME)";
				SWIFT_EMIT_LOC_STRINGS = YES;
				SWIFT_VERSION = 5.0;
				TARGETED_DEVICE_FAMILY = "1,2";
			};
			name = Debug;
		};
		3A100FE32BBB62080057D3AD /* Release */ = {
			isa = XCBuildConfiguration;
			buildSettings = {
				ASSETCATALOG_COMPILER_APPICON_NAME = AppIcon;
				ASSETCATALOG_COMPILER_GLOBAL_ACCENT_COLOR_NAME = AccentColor;
				CODE_SIGN_STYLE = Automatic;
				CURRENT_PROJECT_VERSION = 1;
				DEVELOPMENT_TEAM = 7XYF2Z5FKX;
				GENERATE_INFOPLIST_FILE = YES;
				INFOPLIST_FILE = Photorama/Info.plist;
				INFOPLIST_KEY_UIApplicationSupportsIndirectInputEvents = YES;
				INFOPLIST_KEY_UILaunchStoryboardName = LaunchScreen;
				INFOPLIST_KEY_UIMainStoryboardFile = Main;
				INFOPLIST_KEY_UISupportedInterfaceOrientations_iPad = "UIInterfaceOrientationPortrait UIInterfaceOrientationPortraitUpsideDown UIInterfaceOrientationLandscapeLeft UIInterfaceOrientationLandscapeRight";
				INFOPLIST_KEY_UISupportedInterfaceOrientations_iPhone = "UIInterfaceOrientationPortrait UIInterfaceOrientationLandscapeLeft UIInterfaceOrientationLandscapeRight";
				LD_RUNPATH_SEARCH_PATHS = (
					"$(inherited)",
					"@executable_path/Frameworks",
				);
				MARKETING_VERSION = 1.0;
				PRODUCT_BUNDLE_IDENTIFIER = "Hamit-Sehjal.Photorama";
				PRODUCT_NAME = "$(TARGET_NAME)";
				SWIFT_EMIT_LOC_STRINGS = YES;
				SWIFT_VERSION = 5.0;
				TARGETED_DEVICE_FAMILY = "1,2";
			};
			name = Release;
		};
		3A100FE52BBB62080057D3AD /* Debug */ = {
			isa = XCBuildConfiguration;
			buildSettings = {
				ALWAYS_EMBED_SWIFT_STANDARD_LIBRARIES = YES;
				BUNDLE_LOADER = "$(TEST_HOST)";
				CODE_SIGN_STYLE = Automatic;
				CURRENT_PROJECT_VERSION = 1;
				DEVELOPMENT_TEAM = 7XYF2Z5FKX;
				GENERATE_INFOPLIST_FILE = YES;
				IPHONEOS_DEPLOYMENT_TARGET = 17.2;
				MARKETING_VERSION = 1.0;
				PRODUCT_BUNDLE_IDENTIFIER = "Hamit-Sehjal.PhotoramaTests";
				PRODUCT_NAME = "$(TARGET_NAME)";
				SWIFT_EMIT_LOC_STRINGS = NO;
				SWIFT_VERSION = 5.0;
				TARGETED_DEVICE_FAMILY = "1,2";
				TEST_HOST = "$(BUILT_PRODUCTS_DIR)/Photorama.app/$(BUNDLE_EXECUTABLE_FOLDER_PATH)/Photorama";
			};
			name = Debug;
		};
		3A100FE62BBB62080057D3AD /* Release */ = {
			isa = XCBuildConfiguration;
			buildSettings = {
				ALWAYS_EMBED_SWIFT_STANDARD_LIBRARIES = YES;
				BUNDLE_LOADER = "$(TEST_HOST)";
				CODE_SIGN_STYLE = Automatic;
				CURRENT_PROJECT_VERSION = 1;
				DEVELOPMENT_TEAM = 7XYF2Z5FKX;
				GENERATE_INFOPLIST_FILE = YES;
				IPHONEOS_DEPLOYMENT_TARGET = 17.2;
				MARKETING_VERSION = 1.0;
				PRODUCT_BUNDLE_IDENTIFIER = "Hamit-Sehjal.PhotoramaTests";
				PRODUCT_NAME = "$(TARGET_NAME)";
				SWIFT_EMIT_LOC_STRINGS = NO;
				SWIFT_VERSION = 5.0;
				TARGETED_DEVICE_FAMILY = "1,2";
				TEST_HOST = "$(BUILT_PRODUCTS_DIR)/Photorama.app/$(BUNDLE_EXECUTABLE_FOLDER_PATH)/Photorama";
			};
			name = Release;
		};
		3A100FE82BBB62080057D3AD /* Debug */ = {
			isa = XCBuildConfiguration;
			buildSettings = {
				ALWAYS_EMBED_SWIFT_STANDARD_LIBRARIES = YES;
				CODE_SIGN_STYLE = Automatic;
				CURRENT_PROJECT_VERSION = 1;
				DEVELOPMENT_TEAM = 7XYF2Z5FKX;
				GENERATE_INFOPLIST_FILE = YES;
				MARKETING_VERSION = 1.0;
				PRODUCT_BUNDLE_IDENTIFIER = "Hamit-Sehjal.PhotoramaUITests";
				PRODUCT_NAME = "$(TARGET_NAME)";
				SWIFT_EMIT_LOC_STRINGS = NO;
				SWIFT_VERSION = 5.0;
				TARGETED_DEVICE_FAMILY = "1,2";
				TEST_TARGET_NAME = Photorama;
			};
			name = Debug;
		};
		3A100FE92BBB62080057D3AD /* Release */ = {
			isa = XCBuildConfiguration;
			buildSettings = {
				ALWAYS_EMBED_SWIFT_STANDARD_LIBRARIES = YES;
				CODE_SIGN_STYLE = Automatic;
				CURRENT_PROJECT_VERSION = 1;
				DEVELOPMENT_TEAM = 7XYF2Z5FKX;
				GENERATE_INFOPLIST_FILE = YES;
				MARKETING_VERSION = 1.0;
				PRODUCT_BUNDLE_IDENTIFIER = "Hamit-Sehjal.PhotoramaUITests";
				PRODUCT_NAME = "$(TARGET_NAME)";
				SWIFT_EMIT_LOC_STRINGS = NO;
				SWIFT_VERSION = 5.0;
				TARGETED_DEVICE_FAMILY = "1,2";
				TEST_TARGET_NAME = Photorama;
			};
			name = Release;
		};
/* End XCBuildConfiguration section */

/* Begin XCConfigurationList section */
		3A100FB22BBB62070057D3AD /* Build configuration list for PBXProject "Photorama" */ = {
			isa = XCConfigurationList;
			buildConfigurations = (
				3A100FDF2BBB62080057D3AD /* Debug */,
				3A100FE02BBB62080057D3AD /* Release */,
			);
			defaultConfigurationIsVisible = 0;
			defaultConfigurationName = Release;
		};
		3A100FE12BBB62080057D3AD /* Build configuration list for PBXNativeTarget "Photorama" */ = {
			isa = XCConfigurationList;
			buildConfigurations = (
				3A100FE22BBB62080057D3AD /* Debug */,
				3A100FE32BBB62080057D3AD /* Release */,
			);
			defaultConfigurationIsVisible = 0;
			defaultConfigurationName = Release;
		};
		3A100FE42BBB62080057D3AD /* Build configuration list for PBXNativeTarget "PhotoramaTests" */ = {
			isa = XCConfigurationList;
			buildConfigurations = (
				3A100FE52BBB62080057D3AD /* Debug */,
				3A100FE62BBB62080057D3AD /* Release */,
			);
			defaultConfigurationIsVisible = 0;
			defaultConfigurationName = Release;
		};
		3A100FE72BBB62080057D3AD /* Build configuration list for PBXNativeTarget "PhotoramaUITests" */ = {
			isa = XCConfigurationList;
			buildConfigurations = (
				3A100FE82BBB62080057D3AD /* Debug */,
				3A100FE92BBB62080057D3AD /* Release */,
			);
			defaultConfigurationIsVisible = 0;
			defaultConfigurationName = Release;
		};
/* End XCConfigurationList section */
	};
	rootObject = 3A100FAF2BBB62070057D3AD /* Project object */;
}
